
Microsoft Visual Studio Solution File, Format Version 12.00
# Visual Studio Version 16
VisualStudioVersion = 16.0.30309.148
MinimumVisualStudioVersion = 10.0.40219.1
Project("{FAE04EC0-301F-11D3-BF4B-00C04F79EFBC}") = "Part 5.5 - Intro To Methods", "Part 5.5 - Intro To Methods.csproj", "{6FF93464-7CFE-4D71-A7C4-6C2963C452A9}"
EndProject
Global
	GlobalSection(SolutionConfigurationPlatforms) = preSolution
		Debug|Any CPU = Debug|Any CPU
		Release|Any CPU = Release|Any CPU
	EndGlobalSection
	GlobalSection(ProjectConfigurationPlatforms) = postSolution
		{6FF93464-7CFE-4D71-A7C4-6C2963C452A9}.Debug|Any CPU.ActiveCfg = Debug|Any CPU
		{6FF93464-7CFE-4D71-A7C4-6C2963C452A9}.Debug|Any CPU.Build.0 = Debug|Any CPU
		{6FF93464-7CFE-4D71-A7C4-6C2963C452A9}.Release|Any CPU.ActiveCfg = Release|Any CPU
		{6FF93464-7CFE-4D71-A7C4-6C2963C452A9}.Release|Any CPU.Build.0 = Release|Any CPU
	EndGlobalSection
	GlobalSection(SolutionProperties) = preSolution
		HideSolutionNode = FALSE
	EndGlobalSection
	GlobalSection(ExtensibilityGlobals) = postSolution
		SolutionGuid = {E488684E-CFF2-4813-ADCD-6A85B97FFF48}
	EndGlobalSection
EndGlobal
